
Microsoft Visual Studio Solution File, Format Version 12.00
# Visual Studio Version 17
VisualStudioVersion = 17.13.35919.96
MinimumVisualStudioVersion = 10.0.40219.1
Project("{2150E333-8FDC-42A3-9474-1A3956D46DE8}") = "src", "src", "{02EA681E-C7D8-13C7-8484-4AC65E1B71E8}"
EndProject
Project("{2150E333-8FDC-42A3-9474-1A3956D46DE8}") = "Building Blocks", "Building Blocks", "{18538B1E-17C7-4DA7-832B-89ED2D1949DA}"
EndProject
Project("{2150E333-8FDC-42A3-9474-1A3956D46DE8}") = "Services", "Services", "{405B63E9-DB6C-4AC8-B02E-F28E5ED97E1E}"
EndProject
Project("{2150E333-8FDC-42A3-9474-1A3956D46DE8}") = "Web", "Web", "{B4DFCE02-1E54-4B59-A889-29DEE070F394}"
EndProject
Project("{2150E333-8FDC-42A3-9474-1A3956D46DE8}") = "Identidade", "Identidade", "{23F29339-C734-4BE3-B612-EC8CF3D6D465}"
EndProject
Project("{FAE04EC0-301F-11D3-BF4B-00C04F79EFBC}") = "ECommerceEnterprise.Identidade.API", "src\services\ECommerceEnterprise.Identidade.API\ECommerceEnterprise.Identidade.API.csproj", "{63358D76-1F1C-43F5-9A7F-79FD064E3785}"
EndProject
Project("{2150E333-8FDC-42A3-9474-1A3956D46DE8}") = "MVC", "MVC", "{B12440C8-EA10-4230-9A29-487F24A70A05}"
EndProject
Project("{FAE04EC0-301F-11D3-BF4B-00C04F79EFBC}") = "ECommerceEnterprise.WebApp.MVC", "src\web\ECommerceEnterprise.WebApp.MVC\ECommerceEnterprise.WebApp.MVC.csproj", "{6A9D26B8-3F76-454C-A801-09A855C7C66F}"
EndProject
Project("{2150E333-8FDC-42A3-9474-1A3956D46DE8}") = "Core", "Core", "{42F3A3AB-22DD-4362-930A-6F05C382FF43}"
EndProject
Project("{FAE04EC0-301F-11D3-BF4B-00C04F79EFBC}") = "ECommerceEnterprise.Core", "src\building blocks\ECommerceEnterprise.Core\ECommerceEnterprise.Core.csproj", "{635FB7FF-E163-4AA1-8D9B-6D98193ACFDA}"
EndProject
Project("{2150E333-8FDC-42A3-9474-1A3956D46DE8}") = "Carrinho", "Carrinho", "{4AD6FFD9-8994-492D-A73B-67EE57087247}"
EndProject
Project("{FAE04EC0-301F-11D3-BF4B-00C04F79EFBC}") = "ECommerceEnterprise.Carrinho.API", "src\services\ECommerceEnterprise.Carrinho.API\ECommerceEnterprise.Carrinho.API.csproj", "{444621B5-E0F1-4933-A181-9F61A904F703}"
EndProject
Project("{2150E333-8FDC-42A3-9474-1A3956D46DE8}") = "Catalogo", "Catalogo", "{740FAAC7-67BA-44B8-81CA-1E82D5A3AF04}"
EndProject
Project("{FAE04EC0-301F-11D3-BF4B-00C04F79EFBC}") = "ECommerceEnterprise.Catalogo.API", "src\services\ECommerceEnterprise.Catalogo.API\ECommerceEnterprise.Catalogo.API.csproj", "{C92F72C3-07D6-4E5E-9AFC-C36F168789AB}"
EndProject
Project("{2150E333-8FDC-42A3-9474-1A3956D46DE8}") = "Cliente", "Cliente", "{C767E947-0AF3-4FA6-85F3-8DE33E4B1EB6}"
EndProject
Project("{FAE04EC0-301F-11D3-BF4B-00C04F79EFBC}") = "ECommerceEnterprise.Cliente.API", "src\services\ECommerceEnterprise.Cliente.API\ECommerceEnterprise.Cliente.API.csproj", "{C66B5127-A75D-49F3-8149-073BD4D27099}"
EndProject
Project("{2150E333-8FDC-42A3-9474-1A3956D46DE8}") = "Pedido", "Pedido", "{0591F9D4-74DE-4263-B55E-2B1198D9EF4E}"
EndProject
Project("{FAE04EC0-301F-11D3-BF4B-00C04F79EFBC}") = "ECommerceEnterprise.Pedido.API", "src\services\ECommerceEnterprise.Pedido.API\ECommerceEnterprise.Pedido.API.csproj", "{FBC42588-E6E7-46C2-9011-FA2C65210B3E}"
EndProject
Project("{2150E333-8FDC-42A3-9474-1A3956D46DE8}") = "Pagamento", "Pagamento", "{18D7D51C-633F-4245-906C-608CB7260DDF}"
EndProject
Project("{FAE04EC0-301F-11D3-BF4B-00C04F79EFBC}") = "ECommerceEnterprise.Pagamento.API", "src\services\ECommerceEnterprise.Pagamento.API\ECommerceEnterprise.Pagamento.API.csproj", "{039B5D14-3E5E-46FC-9C5D-977F76E3448E}"
EndProject
Project("{2150E333-8FDC-42A3-9474-1A3956D46DE8}") = "Services", "Services", "{4887C6C3-D934-476A-9387-15FAFA33EAB6}"
EndProject
Project("{FAE04EC0-301F-11D3-BF4B-00C04F79EFBC}") = "ECommerceEnterprise.WepAPI.Core", "src\building blocks\ECommerceEnterprise.WepAPI.Core\ECommerceEnterprise.WepAPI.Core.csproj", "{E076AD08-AF43-47F3-B142-17ACB612CDCB}"
EndProject
Project("{2150E333-8FDC-42A3-9474-1A3956D46DE8}") = "MessageBus", "MessageBus", "{DD9230E4-EA00-4F3A-AE41-F9DF59090991}"
EndProject
Project("{FAE04EC0-301F-11D3-BF4B-00C04F79EFBC}") = "ECommerceEnterprise.MessageBus", "src\building blocks\ECommerceEnterprise.MessageBus\ECommerceEnterprise.MessageBus.csproj", "{2EF17C7D-A38B-4ED3-AE0F-F7B5F0765BD7}"
EndProject
Project("{2150E333-8FDC-42A3-9474-1A3956D46DE8}") = "ApiGateways", "ApiGateways", "{2B329C72-A057-4E98-816C-2467C90D3305}"
EndProject
Project("{FAE04EC0-301F-11D3-BF4B-00C04F79EFBC}") = "ECommerceEnterprise.Bff.Compras", "src\api gateways\ECommerceEnterprise.Bff.Compras\ECommerceEnterprise.Bff.Compras.csproj", "{2064D344-DF82-471A-8D18-302D16B32B94}"
EndProject
Global
	GlobalSection(SolutionConfigurationPlatforms) = preSolution
		Debug|Any CPU = Debug|Any CPU
		Release|Any CPU = Release|Any CPU
	EndGlobalSection
	GlobalSection(ProjectConfigurationPlatforms) = postSolution
		{63358D76-1F1C-43F5-9A7F-79FD064E3785}.Debug|Any CPU.ActiveCfg = Debug|Any CPU
		{63358D76-1F1C-43F5-9A7F-79FD064E3785}.Debug|Any CPU.Build.0 = Debug|Any CPU
		{63358D76-1F1C-43F5-9A7F-79FD064E3785}.Release|Any CPU.ActiveCfg = Release|Any CPU
		{63358D76-1F1C-43F5-9A7F-79FD064E3785}.Release|Any CPU.Build.0 = Release|Any CPU
		{6A9D26B8-3F76-454C-A801-09A855C7C66F}.Debug|Any CPU.ActiveCfg = Debug|Any CPU
		{6A9D26B8-3F76-454C-A801-09A855C7C66F}.Debug|Any CPU.Build.0 = Debug|Any CPU
		{6A9D26B8-3F76-454C-A801-09A855C7C66F}.Release|Any CPU.ActiveCfg = Release|Any CPU
		{6A9D26B8-3F76-454C-A801-09A855C7C66F}.Release|Any CPU.Build.0 = Release|Any CPU
		{635FB7FF-E163-4AA1-8D9B-6D98193ACFDA}.Debug|Any CPU.ActiveCfg = Debug|Any CPU
		{635FB7FF-E163-4AA1-8D9B-6D98193ACFDA}.Debug|Any CPU.Build.0 = Debug|Any CPU
		{635FB7FF-E163-4AA1-8D9B-6D98193ACFDA}.Release|Any CPU.ActiveCfg = Release|Any CPU
		{635FB7FF-E163-4AA1-8D9B-6D98193ACFDA}.Release|Any CPU.Build.0 = Release|Any CPU
		{444621B5-E0F1-4933-A181-9F61A904F703}.Debug|Any CPU.ActiveCfg = Debug|Any CPU
		{444621B5-E0F1-4933-A181-9F61A904F703}.Debug|Any CPU.Build.0 = Debug|Any CPU
		{444621B5-E0F1-4933-A181-9F61A904F703}.Release|Any CPU.ActiveCfg = Release|Any CPU
		{444621B5-E0F1-4933-A181-9F61A904F703}.Release|Any CPU.Build.0 = Release|Any CPU
		{C92F72C3-07D6-4E5E-9AFC-C36F168789AB}.Debug|Any CPU.ActiveCfg = Debug|Any CPU
		{C92F72C3-07D6-4E5E-9AFC-C36F168789AB}.Debug|Any CPU.Build.0 = Debug|Any CPU
		{C92F72C3-07D6-4E5E-9AFC-C36F168789AB}.Release|Any CPU.ActiveCfg = Release|Any CPU
		{C92F72C3-07D6-4E5E-9AFC-C36F168789AB}.Release|Any CPU.Build.0 = Release|Any CPU
		{C66B5127-A75D-49F3-8149-073BD4D27099}.Debug|Any CPU.ActiveCfg = Debug|Any CPU
		{C66B5127-A75D-49F3-8149-073BD4D27099}.Debug|Any CPU.Build.0 = Debug|Any CPU
		{C66B5127-A75D-49F3-8149-073BD4D27099}.Release|Any CPU.ActiveCfg = Release|Any CPU
		{C66B5127-A75D-49F3-8149-073BD4D27099}.Release|Any CPU.Build.0 = Release|Any CPU
		{FBC42588-E6E7-46C2-9011-FA2C65210B3E}.Debug|Any CPU.ActiveCfg = Debug|Any CPU
		{FBC42588-E6E7-46C2-9011-FA2C65210B3E}.Debug|Any CPU.Build.0 = Debug|Any CPU
		{FBC42588-E6E7-46C2-9011-FA2C65210B3E}.Release|Any CPU.ActiveCfg = Release|Any CPU
		{FBC42588-E6E7-46C2-9011-FA2C65210B3E}.Release|Any CPU.Build.0 = Release|Any CPU
		{039B5D14-3E5E-46FC-9C5D-977F76E3448E}.Debug|Any CPU.ActiveCfg = Debug|Any CPU
		{039B5D14-3E5E-46FC-9C5D-977F76E3448E}.Debug|Any CPU.Build.0 = Debug|Any CPU
		{039B5D14-3E5E-46FC-9C5D-977F76E3448E}.Release|Any CPU.ActiveCfg = Release|Any CPU
		{039B5D14-3E5E-46FC-9C5D-977F76E3448E}.Release|Any CPU.Build.0 = Release|Any CPU
		{E076AD08-AF43-47F3-B142-17ACB612CDCB}.Debug|Any CPU.ActiveCfg = Debug|Any CPU
		{E076AD08-AF43-47F3-B142-17ACB612CDCB}.Debug|Any CPU.Build.0 = Debug|Any CPU
		{E076AD08-AF43-47F3-B142-17ACB612CDCB}.Release|Any CPU.ActiveCfg = Release|Any CPU
		{E076AD08-AF43-47F3-B142-17ACB612CDCB}.Release|Any CPU.Build.0 = Release|Any CPU
		{2EF17C7D-A38B-4ED3-AE0F-F7B5F0765BD7}.Debug|Any CPU.ActiveCfg = Debug|Any CPU
		{2EF17C7D-A38B-4ED3-AE0F-F7B5F0765BD7}.Debug|Any CPU.Build.0 = Debug|Any CPU
		{2EF17C7D-A38B-4ED3-AE0F-F7B5F0765BD7}.Release|Any CPU.ActiveCfg = Release|Any CPU
		{2EF17C7D-A38B-4ED3-AE0F-F7B5F0765BD7}.Release|Any CPU.Build.0 = Release|Any CPU
		{2064D344-DF82-471A-8D18-302D16B32B94}.Debug|Any CPU.ActiveCfg = Debug|Any CPU
		{2064D344-DF82-471A-8D18-302D16B32B94}.Debug|Any CPU.Build.0 = Debug|Any CPU
		{2064D344-DF82-471A-8D18-302D16B32B94}.Release|Any CPU.ActiveCfg = Release|Any CPU
		{2064D344-DF82-471A-8D18-302D16B32B94}.Release|Any CPU.Build.0 = Release|Any CPU
	EndGlobalSection
	GlobalSection(SolutionProperties) = preSolution
		HideSolutionNode = FALSE
	EndGlobalSection
	GlobalSection(NestedProjects) = preSolution
		{18538B1E-17C7-4DA7-832B-89ED2D1949DA} = {02EA681E-C7D8-13C7-8484-4AC65E1B71E8}
		{405B63E9-DB6C-4AC8-B02E-F28E5ED97E1E} = {02EA681E-C7D8-13C7-8484-4AC65E1B71E8}
		{B4DFCE02-1E54-4B59-A889-29DEE070F394} = {02EA681E-C7D8-13C7-8484-4AC65E1B71E8}
		{23F29339-C734-4BE3-B612-EC8CF3D6D465} = {405B63E9-DB6C-4AC8-B02E-F28E5ED97E1E}
		{63358D76-1F1C-43F5-9A7F-79FD064E3785} = {23F29339-C734-4BE3-B612-EC8CF3D6D465}
		{B12440C8-EA10-4230-9A29-487F24A70A05} = {B4DFCE02-1E54-4B59-A889-29DEE070F394}
		{6A9D26B8-3F76-454C-A801-09A855C7C66F} = {B12440C8-EA10-4230-9A29-487F24A70A05}
		{42F3A3AB-22DD-4362-930A-6F05C382FF43} = {18538B1E-17C7-4DA7-832B-89ED2D1949DA}
		{635FB7FF-E163-4AA1-8D9B-6D98193ACFDA} = {42F3A3AB-22DD-4362-930A-6F05C382FF43}
		{4AD6FFD9-8994-492D-A73B-67EE57087247} = {405B63E9-DB6C-4AC8-B02E-F28E5ED97E1E}
		{444621B5-E0F1-4933-A181-9F61A904F703} = {4AD6FFD9-8994-492D-A73B-67EE57087247}
		{740FAAC7-67BA-44B8-81CA-1E82D5A3AF04} = {405B63E9-DB6C-4AC8-B02E-F28E5ED97E1E}
		{C92F72C3-07D6-4E5E-9AFC-C36F168789AB} = {740FAAC7-67BA-44B8-81CA-1E82D5A3AF04}
		{C767E947-0AF3-4FA6-85F3-8DE33E4B1EB6} = {405B63E9-DB6C-4AC8-B02E-F28E5ED97E1E}
		{C66B5127-A75D-49F3-8149-073BD4D27099} = {C767E947-0AF3-4FA6-85F3-8DE33E4B1EB6}
		{0591F9D4-74DE-4263-B55E-2B1198D9EF4E} = {405B63E9-DB6C-4AC8-B02E-F28E5ED97E1E}
		{FBC42588-E6E7-46C2-9011-FA2C65210B3E} = {0591F9D4-74DE-4263-B55E-2B1198D9EF4E}
		{18D7D51C-633F-4245-906C-608CB7260DDF} = {405B63E9-DB6C-4AC8-B02E-F28E5ED97E1E}
		{039B5D14-3E5E-46FC-9C5D-977F76E3448E} = {18D7D51C-633F-4245-906C-608CB7260DDF}
		{4887C6C3-D934-476A-9387-15FAFA33EAB6} = {18538B1E-17C7-4DA7-832B-89ED2D1949DA}
		{E076AD08-AF43-47F3-B142-17ACB612CDCB} = {4887C6C3-D934-476A-9387-15FAFA33EAB6}
		{DD9230E4-EA00-4F3A-AE41-F9DF59090991} = {18538B1E-17C7-4DA7-832B-89ED2D1949DA}
		{2EF17C7D-A38B-4ED3-AE0F-F7B5F0765BD7} = {DD9230E4-EA00-4F3A-AE41-F9DF59090991}
		{2B329C72-A057-4E98-816C-2467C90D3305} = {02EA681E-C7D8-13C7-8484-4AC65E1B71E8}
		{2064D344-DF82-471A-8D18-302D16B32B94} = {2B329C72-A057-4E98-816C-2467C90D3305}
	EndGlobalSection
	GlobalSection(ExtensibilityGlobals) = postSolution
		SolutionGuid = {00AE59F0-3388-48E1-8E93-E18E92D35DC3}
	EndGlobalSection
EndGlobal
